
Microsoft Visual Studio Solution File, Format Version 12.00
Project("{FAE04EC0-301F-11D3-BF4B-00C04F79EFBC}") = "GeneratorTest", "GeneratorTest\GeneratorTest.csproj", "{95941711-B16C-4880-8B1F-E10BBF438313}"
EndProject
Project("{FAE04EC0-301F-11D3-BF4B-00C04F79EFBC}") = "EcsDemo", "MyDemoPack\EcsDemo\EcsDemo.csproj", "{2FF2B420-0ED0-49E2-86E5-07645AD178F1}"
EndProject
Project("{FAE04EC0-301F-11D3-BF4B-00C04F79EFBC}") = "GeneratorDemo", "MyDemoPack\GeneratorDemo\GeneratorDemo.csproj", "{6A45A687-87E2-493F-8A66-0B3D1B83AF62}"
EndProject
Global
	GlobalSection(SolutionConfigurationPlatforms) = preSolution
		Debug|Any CPU = Debug|Any CPU
		Release|Any CPU = Release|Any CPU
	EndGlobalSection
	GlobalSection(ProjectConfigurationPlatforms) = postSolution
		{95941711-B16C-4880-8B1F-E10BBF438313}.Debug|Any CPU.ActiveCfg = Debug|Any CPU
		{95941711-B16C-4880-8B1F-E10BBF438313}.Debug|Any CPU.Build.0 = Debug|Any CPU
		{95941711-B16C-4880-8B1F-E10BBF438313}.Release|Any CPU.ActiveCfg = Debug|Any CPU
		{95941711-B16C-4880-8B1F-E10BBF438313}.Release|Any CPU.Build.0 = Debug|Any CPU
		{2FF2B420-0ED0-49E2-86E5-07645AD178F1}.Debug|Any CPU.ActiveCfg = Debug|Any CPU
		{2FF2B420-0ED0-49E2-86E5-07645AD178F1}.Debug|Any CPU.Build.0 = Debug|Any CPU
		{2FF2B420-0ED0-49E2-86E5-07645AD178F1}.Release|Any CPU.ActiveCfg = Release|Any CPU
		{2FF2B420-0ED0-49E2-86E5-07645AD178F1}.Release|Any CPU.Build.0 = Release|Any CPU
		{6A45A687-87E2-493F-8A66-0B3D1B83AF62}.Debug|Any CPU.ActiveCfg = Debug|Any CPU
		{6A45A687-87E2-493F-8A66-0B3D1B83AF62}.Debug|Any CPU.Build.0 = Debug|Any CPU
		{6A45A687-87E2-493F-8A66-0B3D1B83AF62}.Release|Any CPU.ActiveCfg = Release|Any CPU
		{6A45A687-87E2-493F-8A66-0B3D1B83AF62}.Release|Any CPU.Build.0 = Release|Any CPU
	EndGlobalSection
EndGlobal
